{
  "nodes": {
    "home-manager": {
      "inputs": {
        "nixpkgs": [
          "nixpkgs"
        ],
        "utils": "utils"
      },
      "locked": {
        "lastModified": 1661284925,
        "narHash": "sha256-DKxOkYrhbdBt2t+C3rpJrEBsM6A63jP92TM+XnUKyho=",
        "owner": "nix-community",
        "repo": "home-manager",
        "rev": "353d21e108790a4823c9fae9812dc953e8994399",
        "type": "github"
      },
      "original": {
        "owner": "nix-community",
        "repo": "home-manager",
        "type": "github"
      }
    },
    "hyprland": {
      "inputs": {
        "nixpkgs": [
          "nixpkgs"
        ],
        "wlroots": "wlroots"
      },
      "locked": {
        "lastModified": 1661289304,
        "narHash": "sha256-QdIU4+drxhkpKknlBM3Qo9VJU65E2ssWs/QkN+6t5kI=",
        "owner": "hyprwm",
        "repo": "hyprland",
        "rev": "fba7ed97fbb3dfe7c2a9ac45ceef2243624eaa04",
        "type": "github"
      },
      "original": {
        "owner": "hyprwm",
        "ref": "v0.11.1beta",
        "repo": "hyprland",
        "type": "github"
      }
    },
    "nixos-hardware": {
      "locked": {
        "lastModified": 1660407119,
        "narHash": "sha256-04lWO0pDbhAXFdL4v2VzzwgxrZ5IefKn+TmZPiPeKxg=",
        "owner": "nixos",
        "repo": "nixos-hardware",
        "rev": "12620020f76b1b5d2b0e6fbbda831ed4f5fe56e1",
        "type": "github"
      },
      "original": {
        "owner": "nixos",
        "repo": "nixos-hardware",
        "type": "github"
      }
    },
    "nixpkgs": {
      "locked": {
        "lastModified": 1661239211,
        "narHash": "sha256-pNJzBlSNpWEiFJZnLF2oETYq8cGWx1DJPW33aMtG6n8=",
        "owner": "nixos",
        "repo": "nixpkgs",
        "rev": "5e804cd8a27f835a402b22e086e36e797716ef8b",
        "type": "github"
      },
      "original": {
        "owner": "nixos",
        "ref": "nixos-unstable",
        "repo": "nixpkgs",
        "type": "github"
      }
    },
    "root": {
      "inputs": {
        "home-manager": "home-manager",
        "hyprland": "hyprland",
        "nixos-hardware": "nixos-hardware",
        "nixpkgs": "nixpkgs"
      }
    },
    "utils": {
      "locked": {
        "lastModified": 1659877975,
        "narHash": "sha256-zllb8aq3YO3h8B/U0/J1WBgAL8EX5yWf5pMj3G0NAmc=",
        "owner": "numtide",
        "repo": "flake-utils",
        "rev": "c0e246b9b83f637f4681389ecabcb2681b4f3af0",
        "type": "github"
      },
      "original": {
        "owner": "numtide",
        "repo": "flake-utils",
        "type": "github"
      }
    },
    "wlroots": {
      "flake": false,
      "locked": {
        "host": "gitlab.freedesktop.org",
        "lastModified": 1660930713,
        "narHash": "sha256-bY7q1NqG/sjCUAWPn/Ne9NCigLlPlH5Lk1WCMqv3rTU=",
        "owner": "wlroots",
        "repo": "wlroots",
        "rev": "7c575922c05e4d5fd9a403c2aa631a54c7531d44",
        "type": "gitlab"
      },
      "original": {
        "host": "gitlab.freedesktop.org",
        "owner": "wlroots",
        "repo": "wlroots",
        "type": "gitlab"
      }
    }
  },
  "root": "root",
  "version": 7
}
